
Microsoft Visual Studio Solution File, Format Version 12.00
# Visual Studio Version 17
VisualStudioVersion = 17.11.35327.3
MinimumVisualStudioVersion = 10.0.40219.1
Project("{8BC9CEB8-8B4A-11D0-8D11-00A0C91BC942}") = "Contact_Manager", "Contact_Manager.vcxproj", "{265135F3-C82C-4ADB-9060-965DCAA85D80}"
EndProject
Global
	GlobalSection(SolutionConfigurationPlatforms) = preSolution
		Debug|x64 = Debug|x64
		Debug|x86 = Debug|x86
		Release|x64 = Release|x64
		Release|x86 = Release|x86
	EndGlobalSection
	GlobalSection(ProjectConfigurationPlatforms) = postSolution
		{265135F3-C82C-4ADB-9060-965DCAA85D80}.Debug|x64.ActiveCfg = Debug|x64
		{265135F3-C82C-4ADB-9060-965DCAA85D80}.Debug|x64.Build.0 = Debug|x64
		{265135F3-C82C-4ADB-9060-965DCAA85D80}.Debug|x86.ActiveCfg = Debug|Win32
		{265135F3-C82C-4ADB-9060-965DCAA85D80}.Debug|x86.Build.0 = Debug|Win32
		{265135F3-C82C-4ADB-9060-965DCAA85D80}.Release|x64.ActiveCfg = Release|x64
		{265135F3-C82C-4ADB-9060-965DCAA85D80}.Release|x64.Build.0 = Release|x64
		{265135F3-C82C-4ADB-9060-965DCAA85D80}.Release|x86.ActiveCfg = Release|Win32
		{265135F3-C82C-4ADB-9060-965DCAA85D80}.Release|x86.Build.0 = Release|Win32
	EndGlobalSection
	GlobalSection(SolutionProperties) = preSolution
		HideSolutionNode = FALSE
	EndGlobalSection
	GlobalSection(ExtensibilityGlobals) = postSolution
		SolutionGuid = {6234794A-B157-46C6-B289-EA4513C9E235}
	EndGlobalSection
EndGlobal
